// !$*UTF8*$!
{
	archiveVersion = 1;
	classes = {
	};
	objectVersion = 56;
	objects = {

/* Begin PBXBuildFile section */
		948F43852D6A17F100F1EB99 /* CatCoinApp.swift in Sources */ = {isa = PBXBuildFile; fileRef = 948F43842D6A17F100F1EB99 /* CatCoinApp.swift */; };
		948F43872D6A17F100F1EB99 /* ContentView.swift in Sources */ = {isa = PBXBuildFile; fileRef = 948F43862D6A17F100F1EB99 /* ContentView.swift */; };
		948F43892D6A17F700F1EB99 /* Assets.xcassets in Resources */ = {isa = PBXBuildFile; fileRef = 948F43882D6A17F700F1EB99 /* Assets.xcassets */; };
		948F438C2D6A17F700F1EB99 /* Preview Assets.xcassets in Resources */ = {isa = PBXBuildFile; fileRef = 948F438B2D6A17F700F1EB99 /* Preview Assets.xcassets */; };
		948F43992D6A1D5800F1EB99 /* CryptoAPI.swift in Sources */ = {isa = PBXBuildFile; fileRef = 948F43982D6A1D5800F1EB99 /* CryptoAPI.swift */; };
		948F439B2D6A27A800F1EB99 /* HomeScreen.swift in Sources */ = {isa = PBXBuildFile; fileRef = 948F439A2D6A27A800F1EB99 /* HomeScreen.swift */; };
		948F439D2D6A27B700F1EB99 /* CryptoListScreen.swift in Sources */ = {isa = PBXBuildFile; fileRef = 948F439C2D6A27B700F1EB99 /* CryptoListScreen.swift */; };
		948F43A12D6A27F700F1EB99 /* StatisticsScreen.swift in Sources */ = {isa = PBXBuildFile; fileRef = 948F43A02D6A27F700F1EB99 /* StatisticsScreen.swift */; };
		948F43A32D6A321700F1EB99 /* CryptoDetailScreen.swift in Sources */ = {isa = PBXBuildFile; fileRef = 948F43A22D6A321700F1EB99 /* CryptoDetailScreen.swift */; };
/* End PBXBuildFile section */

/* Begin PBXFileReference section */
		948F43812D6A17F100F1EB99 /* CatCoin.app */ = {isa = PBXFileReference; explicitFileType = wrapper.application; includeInIndex = 0; path = CatCoin.app; sourceTree = BUILT_PRODUCTS_DIR; };
		948F43842D6A17F100F1EB99 /* CatCoinApp.swift */ = {isa = PBXFileReference; lastKnownFileType = sourcecode.swift; path = CatCoinApp.swift; sourceTree = "<group>"; };
		948F43862D6A17F100F1EB99 /* ContentView.swift */ = {isa = PBXFileReference; lastKnownFileType = sourcecode.swift; path = ContentView.swift; sourceTree = "<group>"; };
		948F43882D6A17F700F1EB99 /* Assets.xcassets */ = {isa = PBXFileReference; lastKnownFileType = folder.assetcatalog; path = Assets.xcassets; sourceTree = "<group>"; };
		948F438B2D6A17F700F1EB99 /* Preview Assets.xcassets */ = {isa = PBXFileReference; lastKnownFileType = folder.assetcatalog; path = "Preview Assets.xcassets"; sourceTree = "<group>"; };
		948F43982D6A1D5800F1EB99 /* CryptoAPI.swift */ = {isa = PBXFileReference; lastKnownFileType = sourcecode.swift; path = CryptoAPI.swift; sourceTree = "<group>"; };
		948F439A2D6A27A800F1EB99 /* HomeScreen.swift */ = {isa = PBXFileReference; lastKnownFileType = sourcecode.swift; path = HomeScreen.swift; sourceTree = "<group>"; };
		948F439C2D6A27B700F1EB99 /* CryptoListScreen.swift */ = {isa = PBXFileReference; lastKnownFileType = sourcecode.swift; path = CryptoListScreen.swift; sourceTree = "<group>"; };
		948F43A02D6A27F700F1EB99 /* StatisticsScreen.swift */ = {isa = PBXFileReference; lastKnownFileType = sourcecode.swift; path = StatisticsScreen.swift; sourceTree = "<group>"; };
		948F43A22D6A321700F1EB99 /* CryptoDetailScreen.swift */ = {isa = PBXFileReference; lastKnownFileType = sourcecode.swift; path = CryptoDetailScreen.swift; sourceTree = "<group>"; };
/* End PBXFileReference section */

/* Begin PBXFrameworksBuildPhase section */
		948F437E2D6A17F100F1EB99 /* Frameworks */ = {
			isa = PBXFrameworksBuildPhase;
			buildActionMask = 2147483647;
			files = (
			);
			runOnlyForDeploymentPostprocessing = 0;
		};
/* End PBXFrameworksBuildPhase section */

/* Begin PBXGroup section */
		948F43782D6A17F100F1EB99 = {
			isa = PBXGroup;
			children = (
				948F43832D6A17F100F1EB99 /* CatCoin */,
				948F43822D6A17F100F1EB99 /* Products */,
			);
			sourceTree = "<group>";
		};
		948F43822D6A17F100F1EB99 /* Products */ = {
			isa = PBXGroup;
			children = (
				948F43812D6A17F100F1EB99 /* CatCoin.app */,
			);
			name = Products;
			sourceTree = "<group>";
		};
		948F43832D6A17F100F1EB99 /* CatCoin */ = {
			isa = PBXGroup;
			children = (
				948F43842D6A17F100F1EB99 /* CatCoinApp.swift */,
				948F43862D6A17F100F1EB99 /* ContentView.swift */,
				948F43882D6A17F700F1EB99 /* Assets.xcassets */,
				948F438A2D6A17F700F1EB99 /* Preview Content */,
				948F43982D6A1D5800F1EB99 /* CryptoAPI.swift */,
				948F439A2D6A27A800F1EB99 /* HomeScreen.swift */,
				948F439C2D6A27B700F1EB99 /* CryptoListScreen.swift */,
				948F43A02D6A27F700F1EB99 /* StatisticsScreen.swift */,
				948F43A22D6A321700F1EB99 /* CryptoDetailScreen.swift */,
			);
			path = CatCoin;
			sourceTree = "<group>";
		};
		948F438A2D6A17F700F1EB99 /* Preview Content */ = {
			isa = PBXGroup;
			children = (
				948F438B2D6A17F700F1EB99 /* Preview Assets.xcassets */,
			);
			path = "Preview Content";
			sourceTree = "<group>";
		};
/* End PBXGroup section */

/* Begin PBXNativeTarget section */
		948F43802D6A17F100F1EB99 /* CatCoin */ = {
			isa = PBXNativeTarget;
			buildConfigurationList = 948F438F2D6A17F700F1EB99 /* Build configuration list for PBXNativeTarget "CatCoin" */;
			buildPhases = (
				948F437D2D6A17F100F1EB99 /* Sources */,
				948F437E2D6A17F100F1EB99 /* Frameworks */,
				948F437F2D6A17F100F1EB99 /* Resources */,
			);
			buildRules = (
			);
			dependencies = (
			);
			name = CatCoin;
			productName = CatCoin;
			productReference = 948F43812D6A17F100F1EB99 /* CatCoin.app */;
			productType = "com.apple.product-type.application";
		};
/* End PBXNativeTarget section */

/* Begin PBXProject section */
		948F43792D6A17F100F1EB99 /* Project object */ = {
			isa = PBXProject;
			attributes = {
				BuildIndependentTargetsInParallel = 1;
				LastSwiftUpdateCheck = 1400;
				LastUpgradeCheck = 1400;
				TargetAttributes = {
					948F43802D6A17F100F1EB99 = {
						CreatedOnToolsVersion = 14.0;
					};
				};
			};
			buildConfigurationList = 948F437C2D6A17F100F1EB99 /* Build configuration list for PBXProject "CatCoin" */;
			compatibilityVersion = "Xcode 14.0";
			developmentRegion = en;
			hasScannedForEncodings = 0;
			knownRegions = (
				en,
				Base,
			);
			mainGroup = 948F43782D6A17F100F1EB99;
			productRefGroup = 948F43822D6A17F100F1EB99 /* Products */;
			projectDirPath = "";
			projectRoot = "";
			targets = (
				948F43802D6A17F100F1EB99 /* CatCoin */,
			);
		};
/* End PBXProject section */

/* Begin PBXResourcesBuildPhase section */
		948F437F2D6A17F100F1EB99 /* Resources */ = {
			isa = PBXResourcesBuildPhase;
			buildActionMask = 2147483647;
			files = (
				948F438C2D6A17F700F1EB99 /* Preview Assets.xcassets in Resources */,
				948F43892D6A17F700F1EB99 /* Assets.xcassets in Resources */,
			);
			runOnlyForDeploymentPostprocessing = 0;
		};
/* End PBXResourcesBuildPhase section */

/* Begin PBXSourcesBuildPhase section */
		948F437D2D6A17F100F1EB99 /* Sources */ = {
			isa = PBXSourcesBuildPhase;
			buildActionMask = 2147483647;
			files = (
				948F439B2D6A27A800F1EB99 /* HomeScreen.swift in Sources */,
				948F439D2D6A27B700F1EB99 /* CryptoListScreen.swift in Sources */,
				948F43A12D6A27F700F1EB99 /* StatisticsScreen.swift in Sources */,
				948F43992D6A1D5800F1EB99 /* CryptoAPI.swift in Sources */,
				948F43872D6A17F100F1EB99 /* ContentView.swift in Sources */,
				948F43A32D6A321700F1EB99 /* CryptoDetailScreen.swift in Sources */,
				948F43852D6A17F100F1EB99 /* CatCoinApp.swift in Sources */,
			);
			runOnlyForDeploymentPostprocessing = 0;
		};
/* End PBXSourcesBuildPhase section */

/* Begin XCBuildConfiguration section */
		948F438D2D6A17F700F1EB99 /* Debug */ = {
			isa = XCBuildConfiguration;
			buildSettings = {
				ALWAYS_SEARCH_USER_PATHS = NO;
				CLANG_ANALYZER_NONNULL = YES;
				CLANG_ANALYZER_NUMBER_OBJECT_CONVERSION = YES_AGGRESSIVE;
				CLANG_CXX_LANGUAGE_STANDARD = "gnu++20";
				CLANG_ENABLE_MODULES = YES;
				CLANG_ENABLE_OBJC_ARC = YES;
				CLANG_ENABLE_OBJC_WEAK = YES;
				CLANG_WARN_BLOCK_CAPTURE_AUTORELEASING = YES;
				CLANG_WARN_BOOL_CONVERSION = YES;
				CLANG_WARN_COMMA = YES;
				CLANG_WARN_CONSTANT_CONVERSION = YES;
				CLANG_WARN_DEPRECATED_OBJC_IMPLEMENTATIONS = YES;
				CLANG_WARN_DIRECT_OBJC_ISA_USAGE = YES_ERROR;
				CLANG_WARN_DOCUMENTATION_COMMENTS = YES;
				CLANG_WARN_EMPTY_BODY = YES;
				CLANG_WARN_ENUM_CONVERSION = YES;
				CLANG_WARN_INFINITE_RECURSION = YES;
				CLANG_WARN_INT_CONVERSION = YES;
				CLANG_WARN_NON_LITERAL_NULL_CONVERSION = YES;
				CLANG_WARN_OBJC_IMPLICIT_RETAIN_SELF = YES;
				CLANG_WARN_OBJC_LITERAL_CONVERSION = YES;
				CLANG_WARN_OBJC_ROOT_CLASS = YES_ERROR;
				CLANG_WARN_QUOTED_INCLUDE_IN_FRAMEWORK_HEADER = YES;
				CLANG_WARN_RANGE_LOOP_ANALYSIS = YES;
				CLANG_WARN_STRICT_PROTOTYPES = YES;
				CLANG_WARN_SUSPICIOUS_MOVE = YES;
				CLANG_WARN_UNGUARDED_AVAILABILITY = YES_AGGRESSIVE;
				CLANG_WARN_UNREACHABLE_CODE = YES;
				CLANG_WARN__DUPLICATE_METHOD_MATCH = YES;
				COPY_PHASE_STRIP = NO;
				DEBUG_INFORMATION_FORMAT = dwarf;
				ENABLE_STRICT_OBJC_MSGSEND = YES;
				ENABLE_TESTABILITY = YES;
				GCC_C_LANGUAGE_STANDARD = gnu11;
				GCC_DYNAMIC_NO_PIC = NO;
				GCC_NO_COMMON_BLOCKS = YES;
				GCC_OPTIMIZATION_LEVEL = 0;
				GCC_PREPROCESSOR_DEFINITIONS = (
					"DEBUG=1",
					"$(inherited)",
				);
				GCC_WARN_64_TO_32_BIT_CONVERSION = YES;
				GCC_WARN_ABOUT_RETURN_TYPE = YES_ERROR;
				GCC_WARN_UNDECLARED_SELECTOR = YES;
				GCC_WARN_UNINITIALIZED_AUTOS = YES_AGGRESSIVE;
				GCC_WARN_UNUSED_FUNCTION = YES;
				GCC_WARN_UNUSED_VARIABLE = YES;
				IPHONEOS_DEPLOYMENT_TARGET = 16.0;
				MTL_ENABLE_DEBUG_INFO = INCLUDE_SOURCE;
				MTL_FAST_MATH = YES;
				ONLY_ACTIVE_ARCH = YES;
				SDKROOT = iphoneos;
				SWIFT_ACTIVE_COMPILATION_CONDITIONS = DEBUG;
				SWIFT_OPTIMIZATION_LEVEL = "-Onone";
			};
			name = Debug;
		};
		948F438E2D6A17F700F1EB99 /* Release */ = {
			isa = XCBuildConfiguration;
			buildSettings = {
				ALWAYS_SEARCH_USER_PATHS = NO;
				CLANG_ANALYZER_NONNULL = YES;
				CLANG_ANALYZER_NUMBER_OBJECT_CONVERSION = YES_AGGRESSIVE;
				CLANG_CXX_LANGUAGE_STANDARD = "gnu++20";
				CLANG_ENABLE_MODULES = YES;
				CLANG_ENABLE_OBJC_ARC = YES;
				CLANG_ENABLE_OBJC_WEAK = YES;
				CLANG_WARN_BLOCK_CAPTURE_AUTORELEASING = YES;
				CLANG_WARN_BOOL_CONVERSION = YES;
				CLANG_WARN_COMMA = YES;
				CLANG_WARN_CONSTANT_CONVERSION = YES;
				CLANG_WARN_DEPRECATED_OBJC_IMPLEMENTATIONS = YES;
				CLANG_WARN_DIRECT_OBJC_ISA_USAGE = YES_ERROR;
				CLANG_WARN_DOCUMENTATION_COMMENTS = YES;
				CLANG_WARN_EMPTY_BODY = YES;
				CLANG_WARN_ENUM_CONVERSION = YES;
				CLANG_WARN_INFINITE_RECURSION = YES;
				CLANG_WARN_INT_CONVERSION = YES;
				CLANG_WARN_NON_LITERAL_NULL_CONVERSION = YES;
				CLANG_WARN_OBJC_IMPLICIT_RETAIN_SELF = YES;
				CLANG_WARN_OBJC_LITERAL_CONVERSION = YES;
				CLANG_WARN_OBJC_ROOT_CLASS = YES_ERROR;
				CLANG_WARN_QUOTED_INCLUDE_IN_FRAMEWORK_HEADER = YES;
				CLANG_WARN_RANGE_LOOP_ANALYSIS = YES;
				CLANG_WARN_STRICT_PROTOTYPES = YES;
				CLANG_WARN_SUSPICIOUS_MOVE = YES;
				CLANG_WARN_UNGUARDED_AVAILABILITY = YES_AGGRESSIVE;
				CLANG_WARN_UNREACHABLE_CODE = YES;
				CLANG_WARN__DUPLICATE_METHOD_MATCH = YES;
				COPY_PHASE_STRIP = NO;
				DEBUG_INFORMATION_FORMAT = "dwarf-with-dsym";
				ENABLE_NS_ASSERTIONS = NO;
				ENABLE_STRICT_OBJC_MSGSEND = YES;
				GCC_C_LANGUAGE_STANDARD = gnu11;
				GCC_NO_COMMON_BLOCKS = YES;
				GCC_WARN_64_TO_32_BIT_CONVERSION = YES;
				GCC_WARN_ABOUT_RETURN_TYPE = YES_ERROR;
				GCC_WARN_UNDECLARED_SELECTOR = YES;
				GCC_WARN_UNINITIALIZED_AUTOS = YES_AGGRESSIVE;
				GCC_WARN_UNUSED_FUNCTION = YES;
				GCC_WARN_UNUSED_VARIABLE = YES;
				IPHONEOS_DEPLOYMENT_TARGET = 16.0;
				MTL_ENABLE_DEBUG_INFO = NO;
				MTL_FAST_MATH = YES;
				SDKROOT = iphoneos;
				SWIFT_COMPILATION_MODE = wholemodule;
				SWIFT_OPTIMIZATION_LEVEL = "-O";
				VALIDATE_PRODUCT = YES;
			};
			name = Release;
		};
		948F43902D6A17F700F1EB99 /* Debug */ = {
			isa = XCBuildConfiguration;
			buildSettings = {
				ASSETCATALOG_COMPILER_APPICON_NAME = AppIcon;
				ASSETCATALOG_COMPILER_GLOBAL_ACCENT_COLOR_NAME = AccentColor;
				CODE_SIGN_STYLE = Automatic;
				CURRENT_PROJECT_VERSION = 1;
				DEVELOPMENT_ASSET_PATHS = "\"CatCoin/Preview Content\"";
				ENABLE_PREVIEWS = YES;
				GENERATE_INFOPLIST_FILE = YES;
				INFOPLIST_KEY_UIApplicationSceneManifest_Generation = YES;
				INFOPLIST_KEY_UIApplicationSupportsIndirectInputEvents = YES;
				INFOPLIST_KEY_UILaunchScreen_Generation = YES;
				INFOPLIST_KEY_UISupportedInterfaceOrientations_iPad = "UIInterfaceOrientationPortrait UIInterfaceOrientationPortraitUpsideDown UIInterfaceOrientationLandscapeLeft UIInterfaceOrientationLandscapeRight";
				INFOPLIST_KEY_UISupportedInterfaceOrientations_iPhone = "UIInterfaceOrientationPortrait UIInterfaceOrientationLandscapeLeft UIInterfaceOrientationLandscapeRight";
				LD_RUNPATH_SEARCH_PATHS = (
					"$(inherited)",
					"@executable_path/Frameworks",
				);
				MARKETING_VERSION = 1.0;
				PRODUCT_BUNDLE_IDENTIFIER = no.kristiania.CatCoin;
				PRODUCT_NAME = "$(TARGET_NAME)";
				SWIFT_EMIT_LOC_STRINGS = YES;
				SWIFT_VERSION = 5.0;
				TARGETED_DEVICE_FAMILY = "1,2";
			};
			name = Debug;
		};
		948F43912D6A17F700F1EB99 /* Release */ = {
			isa = XCBuildConfiguration;
			buildSettings = {
				ASSETCATALOG_COMPILER_APPICON_NAME = AppIcon;
				ASSETCATALOG_COMPILER_GLOBAL_ACCENT_COLOR_NAME = AccentColor;
				CODE_SIGN_STYLE = Automatic;
				CURRENT_PROJECT_VERSION = 1;
				DEVELOPMENT_ASSET_PATHS = "\"CatCoin/Preview Content\"";
				ENABLE_PREVIEWS = YES;
				GENERATE_INFOPLIST_FILE = YES;
				INFOPLIST_KEY_UIApplicationSceneManifest_Generation = YES;
				INFOPLIST_KEY_UIApplicationSupportsIndirectInputEvents = YES;
				INFOPLIST_KEY_UILaunchScreen_Generation = YES;
				INFOPLIST_KEY_UISupportedInterfaceOrientations_iPad = "UIInterfaceOrientationPortrait UIInterfaceOrientationPortraitUpsideDown UIInterfaceOrientationLandscapeLeft UIInterfaceOrientationLandscapeRight";
				INFOPLIST_KEY_UISupportedInterfaceOrientations_iPhone = "UIInterfaceOrientationPortrait UIInterfaceOrientationLandscapeLeft UIInterfaceOrientationLandscapeRight";
				LD_RUNPATH_SEARCH_PATHS = (
					"$(inherited)",
					"@executable_path/Frameworks",
				);
				MARKETING_VERSION = 1.0;
				PRODUCT_BUNDLE_IDENTIFIER = no.kristiania.CatCoin;
				PRODUCT_NAME = "$(TARGET_NAME)";
				SWIFT_EMIT_LOC_STRINGS = YES;
				SWIFT_VERSION = 5.0;
				TARGETED_DEVICE_FAMILY = "1,2";
			};
			name = Release;
		};
/* End XCBuildConfiguration section */

/* Begin XCConfigurationList section */
		948F437C2D6A17F100F1EB99 /* Build configuration list for PBXProject "CatCoin" */ = {
			isa = XCConfigurationList;
			buildConfigurations = (
				948F438D2D6A17F700F1EB99 /* Debug */,
				948F438E2D6A17F700F1EB99 /* Release */,
			);
			defaultConfigurationIsVisible = 0;
			defaultConfigurationName = Release;
		};
		948F438F2D6A17F700F1EB99 /* Build configuration list for PBXNativeTarget "CatCoin" */ = {
			isa = XCConfigurationList;
			buildConfigurations = (
				948F43902D6A17F700F1EB99 /* Debug */,
				948F43912D6A17F700F1EB99 /* Release */,
			);
			defaultConfigurationIsVisible = 0;
			defaultConfigurationName = Release;
		};
/* End XCConfigurationList section */
	};
	rootObject = 948F43792D6A17F100F1EB99 /* Project object */;
}
